
Microsoft Visual Studio Solution File, Format Version 12.00
# Visual Studio 2013
VisualStudioVersion = 12.0.40629.0
MinimumVisualStudioVersion = 10.0.40219.1
Project("{FAE04EC0-301F-11D3-BF4B-00C04F79EFBC}") = "SimpleReports", "SimpleReports\SimpleReports.csproj", "{6103F9C3-5FA8-4821-A902-9787A14891F0}"
EndProject
Project("{FAE04EC0-301F-11D3-BF4B-00C04F79EFBC}") = "SimpleReport.Test", "SimpleReport.test\SimpleReport.Test.csproj", "{8818CB7C-F4BC-4A38-9451-CA25DD418BCF}"
EndProject
Project("{FAE04EC0-301F-11D3-BF4B-00C04F79EFBC}") = "SimpleReports.Example", "SimpleReports.Example\SimpleReports.Example.csproj", "{6D481543-7735-4E56-A299-C6E88AA04BFD}"
EndProject
Global
	GlobalSection(SolutionConfigurationPlatforms) = preSolution
		Debug|Any CPU = Debug|Any CPU
		Debug|ARM = Debug|ARM
		Debug|x64 = Debug|x64
		Debug|x86 = Debug|x86
		Release|Any CPU = Release|Any CPU
		Release|ARM = Release|ARM
		Release|x64 = Release|x64
		Release|x86 = Release|x86
	EndGlobalSection
	GlobalSection(ProjectConfigurationPlatforms) = postSolution
		{6103F9C3-5FA8-4821-A902-9787A14891F0}.Debug|Any CPU.ActiveCfg = Debug|Any CPU
		{6103F9C3-5FA8-4821-A902-9787A14891F0}.Debug|Any CPU.Build.0 = Debug|Any CPU
		{6103F9C3-5FA8-4821-A902-9787A14891F0}.Debug|ARM.ActiveCfg = Debug|Any CPU
		{6103F9C3-5FA8-4821-A902-9787A14891F0}.Debug|x64.ActiveCfg = Debug|Any CPU
		{6103F9C3-5FA8-4821-A902-9787A14891F0}.Debug|x86.ActiveCfg = Debug|Any CPU
		{6103F9C3-5FA8-4821-A902-9787A14891F0}.Release|Any CPU.ActiveCfg = Release|Any CPU
		{6103F9C3-5FA8-4821-A902-9787A14891F0}.Release|Any CPU.Build.0 = Release|Any CPU
		{6103F9C3-5FA8-4821-A902-9787A14891F0}.Release|ARM.ActiveCfg = Release|Any CPU
		{6103F9C3-5FA8-4821-A902-9787A14891F0}.Release|x64.ActiveCfg = Release|Any CPU
		{6103F9C3-5FA8-4821-A902-9787A14891F0}.Release|x86.ActiveCfg = Release|Any CPU
		{8818CB7C-F4BC-4A38-9451-CA25DD418BCF}.Debug|Any CPU.ActiveCfg = Debug|Any CPU
		{8818CB7C-F4BC-4A38-9451-CA25DD418BCF}.Debug|Any CPU.Build.0 = Debug|Any CPU
		{8818CB7C-F4BC-4A38-9451-CA25DD418BCF}.Debug|ARM.ActiveCfg = Debug|Any CPU
		{8818CB7C-F4BC-4A38-9451-CA25DD418BCF}.Debug|x64.ActiveCfg = Debug|Any CPU
		{8818CB7C-F4BC-4A38-9451-CA25DD418BCF}.Debug|x86.ActiveCfg = Debug|Any CPU
		{8818CB7C-F4BC-4A38-9451-CA25DD418BCF}.Release|Any CPU.ActiveCfg = Release|Any CPU
		{8818CB7C-F4BC-4A38-9451-CA25DD418BCF}.Release|Any CPU.Build.0 = Release|Any CPU
		{8818CB7C-F4BC-4A38-9451-CA25DD418BCF}.Release|ARM.ActiveCfg = Release|Any CPU
		{8818CB7C-F4BC-4A38-9451-CA25DD418BCF}.Release|x64.ActiveCfg = Release|Any CPU
		{8818CB7C-F4BC-4A38-9451-CA25DD418BCF}.Release|x86.ActiveCfg = Release|Any CPU
		{6D481543-7735-4E56-A299-C6E88AA04BFD}.Debug|Any CPU.ActiveCfg = Debug|Any CPU
		{6D481543-7735-4E56-A299-C6E88AA04BFD}.Debug|Any CPU.Build.0 = Debug|Any CPU
		{6D481543-7735-4E56-A299-C6E88AA04BFD}.Debug|ARM.ActiveCfg = Debug|Any CPU
		{6D481543-7735-4E56-A299-C6E88AA04BFD}.Debug|x64.ActiveCfg = Debug|Any CPU
		{6D481543-7735-4E56-A299-C6E88AA04BFD}.Debug|x86.ActiveCfg = Debug|Any CPU
		{6D481543-7735-4E56-A299-C6E88AA04BFD}.Release|Any CPU.ActiveCfg = Release|Any CPU
		{6D481543-7735-4E56-A299-C6E88AA04BFD}.Release|Any CPU.Build.0 = Release|Any CPU
		{6D481543-7735-4E56-A299-C6E88AA04BFD}.Release|ARM.ActiveCfg = Release|Any CPU
		{6D481543-7735-4E56-A299-C6E88AA04BFD}.Release|x64.ActiveCfg = Release|Any CPU
		{6D481543-7735-4E56-A299-C6E88AA04BFD}.Release|x86.ActiveCfg = Release|Any CPU
	EndGlobalSection
	GlobalSection(SolutionProperties) = preSolution
		HideSolutionNode = FALSE
	EndGlobalSection
EndGlobal
